// !$*UTF8*$!
{
	archiveVersion = 1;
	classes = {
	};
	objectVersion = 50;
	objects = {

/* Begin PBXBuildFile section */
		622C87A7256CC69A00B3C8C6 /* UpApp.swift in Sources */ = {isa = PBXBuildFile; fileRef = 622C87A6256CC69A00B3C8C6 /* UpApp.swift */; };
		622C87A9256CC69A00B3C8C6 /* ContentView.swift in Sources */ = {isa = PBXBuildFile; fileRef = 622C87A8256CC69A00B3C8C6 /* ContentView.swift */; };
		622C87AB256CC6A000B3C8C6 /* Assets.xcassets in Resources */ = {isa = PBXBuildFile; fileRef = 622C87AA256CC6A000B3C8C6 /* Assets.xcassets */; };
		622C87AE256CC6A000B3C8C6 /* Preview Assets.xcassets in Resources */ = {isa = PBXBuildFile; fileRef = 622C87AD256CC6A000B3C8C6 /* Preview Assets.xcassets */; };
		622C87B7256CC6B500B3C8C6 /* UpClient.swift in Sources */ = {isa = PBXBuildFile; fileRef = 622C87B6256CC6B500B3C8C6 /* UpClient.swift */; };
		622C87BA256CD91600B3C8C6 /* Secrets.swift in Sources */ = {isa = PBXBuildFile; fileRef = 622C87B9256CD91600B3C8C6 /* Secrets.swift */; };
		622C87BD256CD96200B3C8C6 /* ContentViewModel.swift in Sources */ = {isa = PBXBuildFile; fileRef = 622C87BC256CD96200B3C8C6 /* ContentViewModel.swift */; };
		622C87C2256CD97F00B3C8C6 /* UpTransaction.swift in Sources */ = {isa = PBXBuildFile; fileRef = 622C87C1256CD97F00B3C8C6 /* UpTransaction.swift */; };
		622C87C5256CD9A700B3C8C6 /* TransactionRow.swift in Sources */ = {isa = PBXBuildFile; fileRef = 622C87C4256CD9A700B3C8C6 /* TransactionRow.swift */; };
		622C87C8256CD9CC00B3C8C6 /* TransactionsManager.swift in Sources */ = {isa = PBXBuildFile; fileRef = 622C87C7256CD9CC00B3C8C6 /* TransactionsManager.swift */; };
		622C87CB256CD9E000B3C8C6 /* DispatchQueue+Convenience.swift in Sources */ = {isa = PBXBuildFile; fileRef = 622C87CA256CD9E000B3C8C6 /* DispatchQueue+Convenience.swift */; };
/* End PBXBuildFile section */

/* Begin PBXFileReference section */
		622C87A3256CC69A00B3C8C6 /* Up.app */ = {isa = PBXFileReference; explicitFileType = wrapper.application; includeInIndex = 0; path = Up.app; sourceTree = BUILT_PRODUCTS_DIR; };
		622C87A6256CC69A00B3C8C6 /* UpApp.swift */ = {isa = PBXFileReference; lastKnownFileType = sourcecode.swift; path = UpApp.swift; sourceTree = "<group>"; };
		622C87A8256CC69A00B3C8C6 /* ContentView.swift */ = {isa = PBXFileReference; lastKnownFileType = sourcecode.swift; path = ContentView.swift; sourceTree = "<group>"; };
		622C87AA256CC6A000B3C8C6 /* Assets.xcassets */ = {isa = PBXFileReference; lastKnownFileType = folder.assetcatalog; path = Assets.xcassets; sourceTree = "<group>"; };
		622C87AD256CC6A000B3C8C6 /* Preview Assets.xcassets */ = {isa = PBXFileReference; lastKnownFileType = folder.assetcatalog; path = "Preview Assets.xcassets"; sourceTree = "<group>"; };
		622C87AF256CC6A000B3C8C6 /* Info.plist */ = {isa = PBXFileReference; lastKnownFileType = text.plist.xml; path = Info.plist; sourceTree = "<group>"; };
		622C87B6256CC6B500B3C8C6 /* UpClient.swift */ = {isa = PBXFileReference; lastKnownFileType = sourcecode.swift; path = UpClient.swift; sourceTree = "<group>"; };
		622C87B9256CD91600B3C8C6 /* Secrets.swift */ = {isa = PBXFileReference; lastKnownFileType = sourcecode.swift; path = Secrets.swift; sourceTree = "<group>"; };
		622C87BC256CD96200B3C8C6 /* ContentViewModel.swift */ = {isa = PBXFileReference; lastKnownFileType = sourcecode.swift; path = ContentViewModel.swift; sourceTree = "<group>"; };
		622C87C1256CD97F00B3C8C6 /* UpTransaction.swift */ = {isa = PBXFileReference; lastKnownFileType = sourcecode.swift; path = UpTransaction.swift; sourceTree = "<group>"; };
		622C87C4256CD9A700B3C8C6 /* TransactionRow.swift */ = {isa = PBXFileReference; lastKnownFileType = sourcecode.swift; path = TransactionRow.swift; sourceTree = "<group>"; };
		622C87C7256CD9CC00B3C8C6 /* TransactionsManager.swift */ = {isa = PBXFileReference; lastKnownFileType = sourcecode.swift; path = TransactionsManager.swift; sourceTree = "<group>"; };
		622C87CA256CD9E000B3C8C6 /* DispatchQueue+Convenience.swift */ = {isa = PBXFileReference; lastKnownFileType = sourcecode.swift; path = "DispatchQueue+Convenience.swift"; sourceTree = "<group>"; };
/* End PBXFileReference section */

/* Begin PBXFrameworksBuildPhase section */
		622C87A0256CC69A00B3C8C6 /* Frameworks */ = {
			isa = PBXFrameworksBuildPhase;
			buildActionMask = 2147483647;
			files = (
			);
			runOnlyForDeploymentPostprocessing = 0;
		};
/* End PBXFrameworksBuildPhase section */

/* Begin PBXGroup section */
		622C879A256CC69A00B3C8C6 = {
			isa = PBXGroup;
			children = (
				622C87A5256CC69A00B3C8C6 /* Up */,
				622C87A4256CC69A00B3C8C6 /* Products */,
			);
			sourceTree = "<group>";
		};
		622C87A4256CC69A00B3C8C6 /* Products */ = {
			isa = PBXGroup;
			children = (
				622C87A3256CC69A00B3C8C6 /* Up.app */,
			);
			name = Products;
			sourceTree = "<group>";
		};
		622C87A5256CC69A00B3C8C6 /* Up */ = {
			isa = PBXGroup;
			children = (
				622C87A6256CC69A00B3C8C6 /* UpApp.swift */,
				622C87B9256CD91600B3C8C6 /* Secrets.swift */,
				622C87A8256CC69A00B3C8C6 /* ContentView.swift */,
				622C87C7256CD9CC00B3C8C6 /* TransactionsManager.swift */,
				622C87C4256CD9A700B3C8C6 /* TransactionRow.swift */,
				622C87BC256CD96200B3C8C6 /* ContentViewModel.swift */,
				622C87CA256CD9E000B3C8C6 /* DispatchQueue+Convenience.swift */,
				622C87BF256CD97000B3C8C6 /* Backend */,
				622C87AA256CC6A000B3C8C6 /* Assets.xcassets */,
				622C87AF256CC6A000B3C8C6 /* Info.plist */,
				622C87AC256CC6A000B3C8C6 /* Preview Content */,
			);
			path = Up;
			sourceTree = "<group>";
		};
		622C87AC256CC6A000B3C8C6 /* Preview Content */ = {
			isa = PBXGroup;
			children = (
				622C87AD256CC6A000B3C8C6 /* Preview Assets.xcassets */,
			);
			path = "Preview Content";
			sourceTree = "<group>";
		};
		622C87BF256CD97000B3C8C6 /* Backend */ = {
			isa = PBXGroup;
			children = (
				622C87B6256CC6B500B3C8C6 /* UpClient.swift */,
				622C87C1256CD97F00B3C8C6 /* UpTransaction.swift */,
			);
			path = Backend;
			sourceTree = "<group>";
		};
/* End PBXGroup section */

/* Begin PBXNativeTarget section */
		622C87A2256CC69A00B3C8C6 /* Up */ = {
			isa = PBXNativeTarget;
			buildConfigurationList = 622C87B2256CC6A000B3C8C6 /* Build configuration list for PBXNativeTarget "Up" */;
			buildPhases = (
				622C879F256CC69A00B3C8C6 /* Sources */,
				622C87A0256CC69A00B3C8C6 /* Frameworks */,
				622C87A1256CC69A00B3C8C6 /* Resources */,
			);
			buildRules = (
			);
			dependencies = (
			);
			name = Up;
			productName = Up;
			productReference = 622C87A3256CC69A00B3C8C6 /* Up.app */;
			productType = "com.apple.product-type.application";
		};
/* End PBXNativeTarget section */

/* Begin PBXProject section */
		622C879B256CC69A00B3C8C6 /* Project object */ = {
			isa = PBXProject;
			attributes = {
				LastSwiftUpdateCheck = 1210;
				LastUpgradeCheck = 1210;
				TargetAttributes = {
					622C87A2256CC69A00B3C8C6 = {
						CreatedOnToolsVersion = 12.1;
					};
				};
			};
			buildConfigurationList = 622C879E256CC69A00B3C8C6 /* Build configuration list for PBXProject "Up" */;
			compatibilityVersion = "Xcode 9.3";
			developmentRegion = en;
			hasScannedForEncodings = 0;
			knownRegions = (
				en,
				Base,
			);
			mainGroup = 622C879A256CC69A00B3C8C6;
			productRefGroup = 622C87A4256CC69A00B3C8C6 /* Products */;
			projectDirPath = "";
			projectRoot = "";
			targets = (
				622C87A2256CC69A00B3C8C6 /* Up */,
			);
		};
/* End PBXProject section */

/* Begin PBXResourcesBuildPhase section */
		622C87A1256CC69A00B3C8C6 /* Resources */ = {
			isa = PBXResourcesBuildPhase;
			buildActionMask = 2147483647;
			files = (
				622C87AE256CC6A000B3C8C6 /* Preview Assets.xcassets in Resources */,
				622C87AB256CC6A000B3C8C6 /* Assets.xcassets in Resources */,
			);
			runOnlyForDeploymentPostprocessing = 0;
		};
/* End PBXResourcesBuildPhase section */

/* Begin PBXSourcesBuildPhase section */
		622C879F256CC69A00B3C8C6 /* Sources */ = {
			isa = PBXSourcesBuildPhase;
			buildActionMask = 2147483647;
			files = (
				622C87C8256CD9CC00B3C8C6 /* TransactionsManager.swift in Sources */,
				622C87A9256CC69A00B3C8C6 /* ContentView.swift in Sources */,
				622C87BA256CD91600B3C8C6 /* Secrets.swift in Sources */,
				622C87B7256CC6B500B3C8C6 /* UpClient.swift in Sources */,
				622C87A7256CC69A00B3C8C6 /* UpApp.swift in Sources */,
				622C87C5256CD9A700B3C8C6 /* TransactionRow.swift in Sources */,
				622C87BD256CD96200B3C8C6 /* ContentViewModel.swift in Sources */,
				622C87CB256CD9E000B3C8C6 /* DispatchQueue+Convenience.swift in Sources */,
				622C87C2256CD97F00B3C8C6 /* UpTransaction.swift in Sources */,
			);
			runOnlyForDeploymentPostprocessing = 0;
		};
/* End PBXSourcesBuildPhase section */

/* Begin XCBuildConfiguration section */
		622C87B0256CC6A000B3C8C6 /* Debug */ = {
			isa = XCBuildConfiguration;
			buildSettings = {
				ALWAYS_SEARCH_USER_PATHS = NO;
				CLANG_ANALYZER_NONNULL = YES;
				CLANG_ANALYZER_NUMBER_OBJECT_CONVERSION = YES_AGGRESSIVE;
				CLANG_CXX_LANGUAGE_STANDARD = "gnu++14";
				CLANG_CXX_LIBRARY = "libc++";
				CLANG_ENABLE_MODULES = YES;
				CLANG_ENABLE_OBJC_ARC = YES;
				CLANG_ENABLE_OBJC_WEAK = YES;
				CLANG_WARN_BLOCK_CAPTURE_AUTORELEASING = YES;
				CLANG_WARN_BOOL_CONVERSION = YES;
				CLANG_WARN_COMMA = YES;
				CLANG_WARN_CONSTANT_CONVERSION = YES;
				CLANG_WARN_DEPRECATED_OBJC_IMPLEMENTATIONS = YES;
				CLANG_WARN_DIRECT_OBJC_ISA_USAGE = YES_ERROR;
				CLANG_WARN_DOCUMENTATION_COMMENTS = YES;
				CLANG_WARN_EMPTY_BODY = YES;
				CLANG_WARN_ENUM_CONVERSION = YES;
				CLANG_WARN_INFINITE_RECURSION = YES;
				CLANG_WARN_INT_CONVERSION = YES;
				CLANG_WARN_NON_LITERAL_NULL_CONVERSION = YES;
				CLANG_WARN_OBJC_IMPLICIT_RETAIN_SELF = YES;
				CLANG_WARN_OBJC_LITERAL_CONVERSION = YES;
				CLANG_WARN_OBJC_ROOT_CLASS = YES_ERROR;
				CLANG_WARN_QUOTED_INCLUDE_IN_FRAMEWORK_HEADER = YES;
				CLANG_WARN_RANGE_LOOP_ANALYSIS = YES;
				CLANG_WARN_STRICT_PROTOTYPES = YES;
				CLANG_WARN_SUSPICIOUS_MOVE = YES;
				CLANG_WARN_UNGUARDED_AVAILABILITY = YES_AGGRESSIVE;
				CLANG_WARN_UNREACHABLE_CODE = YES;
				CLANG_WARN__DUPLICATE_METHOD_MATCH = YES;
				COPY_PHASE_STRIP = NO;
				DEBUG_INFORMATION_FORMAT = dwarf;
				ENABLE_STRICT_OBJC_MSGSEND = YES;
				ENABLE_TESTABILITY = YES;
				GCC_C_LANGUAGE_STANDARD = gnu11;
				GCC_DYNAMIC_NO_PIC = NO;
				GCC_NO_COMMON_BLOCKS = YES;
				GCC_OPTIMIZATION_LEVEL = 0;
				GCC_PREPROCESSOR_DEFINITIONS = (
					"DEBUG=1",
					"$(inherited)",
				);
				GCC_WARN_64_TO_32_BIT_CONVERSION = YES;
				GCC_WARN_ABOUT_RETURN_TYPE = YES_ERROR;
				GCC_WARN_UNDECLARED_SELECTOR = YES;
				GCC_WARN_UNINITIALIZED_AUTOS = YES_AGGRESSIVE;
				GCC_WARN_UNUSED_FUNCTION = YES;
				GCC_WARN_UNUSED_VARIABLE = YES;
				IPHONEOS_DEPLOYMENT_TARGET = 14.1;
				MTL_ENABLE_DEBUG_INFO = INCLUDE_SOURCE;
				MTL_FAST_MATH = YES;
				ONLY_ACTIVE_ARCH = YES;
				SDKROOT = iphoneos;
				SWIFT_ACTIVE_COMPILATION_CONDITIONS = DEBUG;
				SWIFT_OPTIMIZATION_LEVEL = "-Onone";
			};
			name = Debug;
		};
		622C87B1256CC6A000B3C8C6 /* Release */ = {
			isa = XCBuildConfiguration;
			buildSettings = {
				ALWAYS_SEARCH_USER_PATHS = NO;
				CLANG_ANALYZER_NONNULL = YES;
				CLANG_ANALYZER_NUMBER_OBJECT_CONVERSION = YES_AGGRESSIVE;
				CLANG_CXX_LANGUAGE_STANDARD = "gnu++14";
				CLANG_CXX_LIBRARY = "libc++";
				CLANG_ENABLE_MODULES = YES;
				CLANG_ENABLE_OBJC_ARC = YES;
				CLANG_ENABLE_OBJC_WEAK = YES;
				CLANG_WARN_BLOCK_CAPTURE_AUTORELEASING = YES;
				CLANG_WARN_BOOL_CONVERSION = YES;
				CLANG_WARN_COMMA = YES;
				CLANG_WARN_CONSTANT_CONVERSION = YES;
				CLANG_WARN_DEPRECATED_OBJC_IMPLEMENTATIONS = YES;
				CLANG_WARN_DIRECT_OBJC_ISA_USAGE = YES_ERROR;
				CLANG_WARN_DOCUMENTATION_COMMENTS = YES;
				CLANG_WARN_EMPTY_BODY = YES;
				CLANG_WARN_ENUM_CONVERSION = YES;
				CLANG_WARN_INFINITE_RECURSION = YES;
				CLANG_WARN_INT_CONVERSION = YES;
				CLANG_WARN_NON_LITERAL_NULL_CONVERSION = YES;
				CLANG_WARN_OBJC_IMPLICIT_RETAIN_SELF = YES;
				CLANG_WARN_OBJC_LITERAL_CONVERSION = YES;
				CLANG_WARN_OBJC_ROOT_CLASS = YES_ERROR;
				CLANG_WARN_QUOTED_INCLUDE_IN_FRAMEWORK_HEADER = YES;
				CLANG_WARN_RANGE_LOOP_ANALYSIS = YES;
				CLANG_WARN_STRICT_PROTOTYPES = YES;
				CLANG_WARN_SUSPICIOUS_MOVE = YES;
				CLANG_WARN_UNGUARDED_AVAILABILITY = YES_AGGRESSIVE;
				CLANG_WARN_UNREACHABLE_CODE = YES;
				CLANG_WARN__DUPLICATE_METHOD_MATCH = YES;
				COPY_PHASE_STRIP = NO;
				DEBUG_INFORMATION_FORMAT = "dwarf-with-dsym";
				ENABLE_NS_ASSERTIONS = NO;
				ENABLE_STRICT_OBJC_MSGSEND = YES;
				GCC_C_LANGUAGE_STANDARD = gnu11;
				GCC_NO_COMMON_BLOCKS = YES;
				GCC_WARN_64_TO_32_BIT_CONVERSION = YES;
				GCC_WARN_ABOUT_RETURN_TYPE = YES_ERROR;
				GCC_WARN_UNDECLARED_SELECTOR = YES;
				GCC_WARN_UNINITIALIZED_AUTOS = YES_AGGRESSIVE;
				GCC_WARN_UNUSED_FUNCTION = YES;
				GCC_WARN_UNUSED_VARIABLE = YES;
				IPHONEOS_DEPLOYMENT_TARGET = 14.1;
				MTL_ENABLE_DEBUG_INFO = NO;
				MTL_FAST_MATH = YES;
				SDKROOT = iphoneos;
				SWIFT_COMPILATION_MODE = wholemodule;
				SWIFT_OPTIMIZATION_LEVEL = "-O";
				VALIDATE_PRODUCT = YES;
			};
			name = Release;
		};
		622C87B3256CC6A000B3C8C6 /* Debug */ = {
			isa = XCBuildConfiguration;
			buildSettings = {
				ASSETCATALOG_COMPILER_APPICON_NAME = AppIcon;
				ASSETCATALOG_COMPILER_GLOBAL_ACCENT_COLOR_NAME = AccentColor;
				CODE_SIGN_STYLE = Automatic;
				DEVELOPMENT_ASSET_PATHS = "\"Up/Preview Content\"";
				DEVELOPMENT_TEAM = 6CW3378X23;
				ENABLE_PREVIEWS = YES;
				INFOPLIST_FILE = Up/Info.plist;
				IPHONEOS_DEPLOYMENT_TARGET = 14.0;
				LD_RUNPATH_SEARCH_PATHS = (
					"$(inherited)",
					"@executable_path/Frameworks",
				);
				PRODUCT_BUNDLE_IDENTIFIER = com.dylan.Up;
				PRODUCT_NAME = "$(TARGET_NAME)";
				SWIFT_VERSION = 5.0;
				TARGETED_DEVICE_FAMILY = "1,2";
			};
			name = Debug;
		};
		622C87B4256CC6A000B3C8C6 /* Release */ = {
			isa = XCBuildConfiguration;
			buildSettings = {
				ASSETCATALOG_COMPILER_APPICON_NAME = AppIcon;
				ASSETCATALOG_COMPILER_GLOBAL_ACCENT_COLOR_NAME = AccentColor;
				CODE_SIGN_STYLE = Automatic;
				DEVELOPMENT_ASSET_PATHS = "\"Up/Preview Content\"";
				DEVELOPMENT_TEAM = 6CW3378X23;
				ENABLE_PREVIEWS = YES;
				INFOPLIST_FILE = Up/Info.plist;
				IPHONEOS_DEPLOYMENT_TARGET = 14.0;
				LD_RUNPATH_SEARCH_PATHS = (
					"$(inherited)",
					"@executable_path/Frameworks",
				);
				PRODUCT_BUNDLE_IDENTIFIER = com.dylan.Up;
				PRODUCT_NAME = "$(TARGET_NAME)";
				SWIFT_VERSION = 5.0;
				TARGETED_DEVICE_FAMILY = "1,2";
			};
			name = Release;
		};
/* End XCBuildConfiguration section */

/* Begin XCConfigurationList section */
		622C879E256CC69A00B3C8C6 /* Build configuration list for PBXProject "Up" */ = {
			isa = XCConfigurationList;
			buildConfigurations = (
				622C87B0256CC6A000B3C8C6 /* Debug */,
				622C87B1256CC6A000B3C8C6 /* Release */,
			);
			defaultConfigurationIsVisible = 0;
			defaultConfigurationName = Release;
		};
		622C87B2256CC6A000B3C8C6 /* Build configuration list for PBXNativeTarget "Up" */ = {
			isa = XCConfigurationList;
			buildConfigurations = (
				622C87B3256CC6A000B3C8C6 /* Debug */,
				622C87B4256CC6A000B3C8C6 /* Release */,
			);
			defaultConfigurationIsVisible = 0;
			defaultConfigurationName = Release;
		};
/* End XCConfigurationList section */
	};
	rootObject = 622C879B256CC69A00B3C8C6 /* Project object */;
}
